
Microsoft Visual Studio Solution File, Format Version 12.00
# Visual Studio 15
VisualStudioVersion = 15.0.28307.572
MinimumVisualStudioVersion = 10.0.40219.1
Project("{FAE04EC0-301F-11D3-BF4B-00C04F79EFBC}") = "CreateTaskNewAccountContact", "CreateContactTask\CreateTaskNewAccountContact.csproj", "{019C2F65-4790-4CDD-8097-CE59AB289D31}"
EndProject
Project("{FAE04EC0-301F-11D3-BF4B-00C04F79EFBC}") = "CreateTaskContact", "CreateTaskContact\CreateTaskContact.csproj", "{14EDCE9A-E992-45E7-AB55-3652351B2856}"
EndProject
Project("{FAE04EC0-301F-11D3-BF4B-00C04F79EFBC}") = "UpdateContactAddresses", "UpdateContactAddresses\UpdateContactAddresses.csproj", "{D11D7050-8810-4B45-A02F-BA75527BABEC}"
EndProject
Project("{FAE04EC0-301F-11D3-BF4B-00C04F79EFBC}") = "FakeXrmEasyProject", "FakeXrmEasyProject\FakeXrmEasyProject.csproj", "{6AA984B7-0A2C-4D9A-9596-E67A15EECB2B}"
EndProject
Global
	GlobalSection(SolutionConfigurationPlatforms) = preSolution
		Debug|Any CPU = Debug|Any CPU
		Release|Any CPU = Release|Any CPU
	EndGlobalSection
	GlobalSection(ProjectConfigurationPlatforms) = postSolution
		{019C2F65-4790-4CDD-8097-CE59AB289D31}.Debug|Any CPU.ActiveCfg = Debug|Any CPU
		{019C2F65-4790-4CDD-8097-CE59AB289D31}.Debug|Any CPU.Build.0 = Debug|Any CPU
		{019C2F65-4790-4CDD-8097-CE59AB289D31}.Release|Any CPU.ActiveCfg = Release|Any CPU
		{019C2F65-4790-4CDD-8097-CE59AB289D31}.Release|Any CPU.Build.0 = Release|Any CPU
		{14EDCE9A-E992-45E7-AB55-3652351B2856}.Debug|Any CPU.ActiveCfg = Debug|Any CPU
		{14EDCE9A-E992-45E7-AB55-3652351B2856}.Debug|Any CPU.Build.0 = Debug|Any CPU
		{14EDCE9A-E992-45E7-AB55-3652351B2856}.Release|Any CPU.ActiveCfg = Release|Any CPU
		{14EDCE9A-E992-45E7-AB55-3652351B2856}.Release|Any CPU.Build.0 = Release|Any CPU
		{D11D7050-8810-4B45-A02F-BA75527BABEC}.Debug|Any CPU.ActiveCfg = Debug|Any CPU
		{D11D7050-8810-4B45-A02F-BA75527BABEC}.Debug|Any CPU.Build.0 = Debug|Any CPU
		{D11D7050-8810-4B45-A02F-BA75527BABEC}.Release|Any CPU.ActiveCfg = Release|Any CPU
		{D11D7050-8810-4B45-A02F-BA75527BABEC}.Release|Any CPU.Build.0 = Release|Any CPU
		{6AA984B7-0A2C-4D9A-9596-E67A15EECB2B}.Debug|Any CPU.ActiveCfg = Debug|Any CPU
		{6AA984B7-0A2C-4D9A-9596-E67A15EECB2B}.Debug|Any CPU.Build.0 = Debug|Any CPU
		{6AA984B7-0A2C-4D9A-9596-E67A15EECB2B}.Release|Any CPU.ActiveCfg = Release|Any CPU
		{6AA984B7-0A2C-4D9A-9596-E67A15EECB2B}.Release|Any CPU.Build.0 = Release|Any CPU
	EndGlobalSection
	GlobalSection(SolutionProperties) = preSolution
		HideSolutionNode = FALSE
	EndGlobalSection
	GlobalSection(ExtensibilityGlobals) = postSolution
		SolutionGuid = {32EECF66-7FDD-4144-BFFC-4D6A5A239998}
	EndGlobalSection
EndGlobal
